// !$*UTF8*$!
{
	archiveVersion = 1;
	classes = {
	};
	objectVersion = 55;
	objects = {

/* Begin PBXBuildFile section */
		4F127B1F27C81E3000361555 /* AppDelegate.swift in Sources */ = {isa = PBXBuildFile; fileRef = 4F127B1E27C81E3000361555 /* AppDelegate.swift */; };
		4F127B2127C81E3000361555 /* SceneDelegate.swift in Sources */ = {isa = PBXBuildFile; fileRef = 4F127B2027C81E3000361555 /* SceneDelegate.swift */; };
		4F127B2327C81E3000361555 /* ViewController.swift in Sources */ = {isa = PBXBuildFile; fileRef = 4F127B2227C81E3000361555 /* ViewController.swift */; };
		4F127B2827C81E3100361555 /* Assets.xcassets in Resources */ = {isa = PBXBuildFile; fileRef = 4F127B2727C81E3100361555 /* Assets.xcassets */; };
		4F127B2B27C81E3100361555 /* LaunchScreen.storyboard in Resources */ = {isa = PBXBuildFile; fileRef = 4F127B2927C81E3100361555 /* LaunchScreen.storyboard */; };
		4F127B3627C81E3100361555 /* Netology_IB_InstrumentsTests.swift in Sources */ = {isa = PBXBuildFile; fileRef = 4F127B3527C81E3100361555 /* Netology_IB_InstrumentsTests.swift */; };
		4F127B4027C81E3100361555 /* Netology_IB_InstrumentsUITests.swift in Sources */ = {isa = PBXBuildFile; fileRef = 4F127B3F27C81E3100361555 /* Netology_IB_InstrumentsUITests.swift */; };
		4F127B4227C81E3100361555 /* Netology_IB_InstrumentsUITestsLaunchTests.swift in Sources */ = {isa = PBXBuildFile; fileRef = 4F127B4127C81E3100361555 /* Netology_IB_InstrumentsUITestsLaunchTests.swift */; };
		4F127B4F27C81E7300361555 /* ProfileView.xib in Resources */ = {isa = PBXBuildFile; fileRef = 4F127B4E27C81E7300361555 /* ProfileView.xib */; };
		4F127B5127C81F0900361555 /* ProfileView.swift in Sources */ = {isa = PBXBuildFile; fileRef = 4F127B5027C81F0900361555 /* ProfileView.swift */; };
		4F127B5327C81F7C00361555 /* Profile.storyboard in Resources */ = {isa = PBXBuildFile; fileRef = 4F127B5227C81F7C00361555 /* Profile.storyboard */; };
		4F127B5527C81FA200361555 /* ProfileViewController.swift in Sources */ = {isa = PBXBuildFile; fileRef = 4F127B5427C81FA200361555 /* ProfileViewController.swift */; };
/* End PBXBuildFile section */

/* Begin PBXContainerItemProxy section */
		4F127B3227C81E3100361555 /* PBXContainerItemProxy */ = {
			isa = PBXContainerItemProxy;
			containerPortal = 4F127B1327C81E3000361555 /* Project object */;
			proxyType = 1;
			remoteGlobalIDString = 4F127B1A27C81E3000361555;
			remoteInfo = Netology_IB_Instruments;
		};
		4F127B3C27C81E3100361555 /* PBXContainerItemProxy */ = {
			isa = PBXContainerItemProxy;
			containerPortal = 4F127B1327C81E3000361555 /* Project object */;
			proxyType = 1;
			remoteGlobalIDString = 4F127B1A27C81E3000361555;
			remoteInfo = Netology_IB_Instruments;
		};
/* End PBXContainerItemProxy section */

/* Begin PBXFileReference section */
		4F127B1B27C81E3000361555 /* Netology_IB_Instruments.app */ = {isa = PBXFileReference; explicitFileType = wrapper.application; includeInIndex = 0; path = Netology_IB_Instruments.app; sourceTree = BUILT_PRODUCTS_DIR; };
		4F127B1E27C81E3000361555 /* AppDelegate.swift */ = {isa = PBXFileReference; lastKnownFileType = sourcecode.swift; path = AppDelegate.swift; sourceTree = "<group>"; };
		4F127B2027C81E3000361555 /* SceneDelegate.swift */ = {isa = PBXFileReference; lastKnownFileType = sourcecode.swift; path = SceneDelegate.swift; sourceTree = "<group>"; };
		4F127B2227C81E3000361555 /* ViewController.swift */ = {isa = PBXFileReference; lastKnownFileType = sourcecode.swift; path = ViewController.swift; sourceTree = "<group>"; };
		4F127B2727C81E3100361555 /* Assets.xcassets */ = {isa = PBXFileReference; lastKnownFileType = folder.assetcatalog; path = Assets.xcassets; sourceTree = "<group>"; };
		4F127B2A27C81E3100361555 /* Base */ = {isa = PBXFileReference; lastKnownFileType = file.storyboard; name = Base; path = Base.lproj/LaunchScreen.storyboard; sourceTree = "<group>"; };
		4F127B2C27C81E3100361555 /* Info.plist */ = {isa = PBXFileReference; lastKnownFileType = text.plist.xml; path = Info.plist; sourceTree = "<group>"; };
		4F127B3127C81E3100361555 /* Netology_IB_InstrumentsTests.xctest */ = {isa = PBXFileReference; explicitFileType = wrapper.cfbundle; includeInIndex = 0; path = Netology_IB_InstrumentsTests.xctest; sourceTree = BUILT_PRODUCTS_DIR; };
		4F127B3527C81E3100361555 /* Netology_IB_InstrumentsTests.swift */ = {isa = PBXFileReference; lastKnownFileType = sourcecode.swift; path = Netology_IB_InstrumentsTests.swift; sourceTree = "<group>"; };
		4F127B3B27C81E3100361555 /* Netology_IB_InstrumentsUITests.xctest */ = {isa = PBXFileReference; explicitFileType = wrapper.cfbundle; includeInIndex = 0; path = Netology_IB_InstrumentsUITests.xctest; sourceTree = BUILT_PRODUCTS_DIR; };
		4F127B3F27C81E3100361555 /* Netology_IB_InstrumentsUITests.swift */ = {isa = PBXFileReference; lastKnownFileType = sourcecode.swift; path = Netology_IB_InstrumentsUITests.swift; sourceTree = "<group>"; };
		4F127B4127C81E3100361555 /* Netology_IB_InstrumentsUITestsLaunchTests.swift */ = {isa = PBXFileReference; lastKnownFileType = sourcecode.swift; path = Netology_IB_InstrumentsUITestsLaunchTests.swift; sourceTree = "<group>"; };
		4F127B4E27C81E7300361555 /* ProfileView.xib */ = {isa = PBXFileReference; lastKnownFileType = file.xib; path = ProfileView.xib; sourceTree = "<group>"; };
		4F127B5027C81F0900361555 /* ProfileView.swift */ = {isa = PBXFileReference; lastKnownFileType = sourcecode.swift; path = ProfileView.swift; sourceTree = "<group>"; };
		4F127B5227C81F7C00361555 /* Profile.storyboard */ = {isa = PBXFileReference; lastKnownFileType = file.storyboard; path = Profile.storyboard; sourceTree = "<group>"; };
		4F127B5427C81FA200361555 /* ProfileViewController.swift */ = {isa = PBXFileReference; lastKnownFileType = sourcecode.swift; path = ProfileViewController.swift; sourceTree = "<group>"; };
/* End PBXFileReference section */

/* Begin PBXFrameworksBuildPhase section */
		4F127B1827C81E3000361555 /* Frameworks */ = {
			isa = PBXFrameworksBuildPhase;
			buildActionMask = 2147483647;
			files = (
			);
			runOnlyForDeploymentPostprocessing = 0;
		};
		4F127B2E27C81E3100361555 /* Frameworks */ = {
			isa = PBXFrameworksBuildPhase;
			buildActionMask = 2147483647;
			files = (
			);
			runOnlyForDeploymentPostprocessing = 0;
		};
		4F127B3827C81E3100361555 /* Frameworks */ = {
			isa = PBXFrameworksBuildPhase;
			buildActionMask = 2147483647;
			files = (
			);
			runOnlyForDeploymentPostprocessing = 0;
		};
/* End PBXFrameworksBuildPhase section */

/* Begin PBXGroup section */
		4F127B1227C81E3000361555 = {
			isa = PBXGroup;
			children = (
				4F127B1D27C81E3000361555 /* Netology_IB_Instruments */,
				4F127B3427C81E3100361555 /* Netology_IB_InstrumentsTests */,
				4F127B3E27C81E3100361555 /* Netology_IB_InstrumentsUITests */,
				4F127B1C27C81E3000361555 /* Products */,
			);
			sourceTree = "<group>";
		};
		4F127B1C27C81E3000361555 /* Products */ = {
			isa = PBXGroup;
			children = (
				4F127B1B27C81E3000361555 /* Netology_IB_Instruments.app */,
				4F127B3127C81E3100361555 /* Netology_IB_InstrumentsTests.xctest */,
				4F127B3B27C81E3100361555 /* Netology_IB_InstrumentsUITests.xctest */,
			);
			name = Products;
			sourceTree = "<group>";
		};
		4F127B1D27C81E3000361555 /* Netology_IB_Instruments */ = {
			isa = PBXGroup;
			children = (
				4F127B5227C81F7C00361555 /* Profile.storyboard */,
				4F127B5427C81FA200361555 /* ProfileViewController.swift */,
				4F127B4E27C81E7300361555 /* ProfileView.xib */,
				4F127B5027C81F0900361555 /* ProfileView.swift */,
				4F127B1E27C81E3000361555 /* AppDelegate.swift */,
				4F127B2027C81E3000361555 /* SceneDelegate.swift */,
				4F127B2227C81E3000361555 /* ViewController.swift */,
				4F127B2727C81E3100361555 /* Assets.xcassets */,
				4F127B2927C81E3100361555 /* LaunchScreen.storyboard */,
				4F127B2C27C81E3100361555 /* Info.plist */,
			);
			path = Netology_IB_Instruments;
			sourceTree = "<group>";
		};
		4F127B3427C81E3100361555 /* Netology_IB_InstrumentsTests */ = {
			isa = PBXGroup;
			children = (
				4F127B3527C81E3100361555 /* Netology_IB_InstrumentsTests.swift */,
			);
			path = Netology_IB_InstrumentsTests;
			sourceTree = "<group>";
		};
		4F127B3E27C81E3100361555 /* Netology_IB_InstrumentsUITests */ = {
			isa = PBXGroup;
			children = (
				4F127B3F27C81E3100361555 /* Netology_IB_InstrumentsUITests.swift */,
				4F127B4127C81E3100361555 /* Netology_IB_InstrumentsUITestsLaunchTests.swift */,
			);
			path = Netology_IB_InstrumentsUITests;
			sourceTree = "<group>";
		};
/* End PBXGroup section */

/* Begin PBXNativeTarget section */
		4F127B1A27C81E3000361555 /* Netology_IB_Instruments */ = {
			isa = PBXNativeTarget;
			buildConfigurationList = 4F127B4527C81E3100361555 /* Build configuration list for PBXNativeTarget "Netology_IB_Instruments" */;
			buildPhases = (
				4F127B1727C81E3000361555 /* Sources */,
				4F127B1827C81E3000361555 /* Frameworks */,
				4F127B1927C81E3000361555 /* Resources */,
			);
			buildRules = (
			);
			dependencies = (
			);
			name = Netology_IB_Instruments;
			productName = Netology_IB_Instruments;
			productReference = 4F127B1B27C81E3000361555 /* Netology_IB_Instruments.app */;
			productType = "com.apple.product-type.application";
		};
		4F127B3027C81E3100361555 /* Netology_IB_InstrumentsTests */ = {
			isa = PBXNativeTarget;
			buildConfigurationList = 4F127B4827C81E3100361555 /* Build configuration list for PBXNativeTarget "Netology_IB_InstrumentsTests" */;
			buildPhases = (
				4F127B2D27C81E3100361555 /* Sources */,
				4F127B2E27C81E3100361555 /* Frameworks */,
				4F127B2F27C81E3100361555 /* Resources */,
			);
			buildRules = (
			);
			dependencies = (
				4F127B3327C81E3100361555 /* PBXTargetDependency */,
			);
			name = Netology_IB_InstrumentsTests;
			productName = Netology_IB_InstrumentsTests;
			productReference = 4F127B3127C81E3100361555 /* Netology_IB_InstrumentsTests.xctest */;
			productType = "com.apple.product-type.bundle.unit-test";
		};
		4F127B3A27C81E3100361555 /* Netology_IB_InstrumentsUITests */ = {
			isa = PBXNativeTarget;
			buildConfigurationList = 4F127B4B27C81E3100361555 /* Build configuration list for PBXNativeTarget "Netology_IB_InstrumentsUITests" */;
			buildPhases = (
				4F127B3727C81E3100361555 /* Sources */,
				4F127B3827C81E3100361555 /* Frameworks */,
				4F127B3927C81E3100361555 /* Resources */,
			);
			buildRules = (
			);
			dependencies = (
				4F127B3D27C81E3100361555 /* PBXTargetDependency */,
			);
			name = Netology_IB_InstrumentsUITests;
			productName = Netology_IB_InstrumentsUITests;
			productReference = 4F127B3B27C81E3100361555 /* Netology_IB_InstrumentsUITests.xctest */;
			productType = "com.apple.product-type.bundle.ui-testing";
		};
/* End PBXNativeTarget section */

/* Begin PBXProject section */
		4F127B1327C81E3000361555 /* Project object */ = {
			isa = PBXProject;
			attributes = {
				BuildIndependentTargetsInParallel = 1;
				LastSwiftUpdateCheck = 1320;
				LastUpgradeCheck = 1320;
				TargetAttributes = {
					4F127B1A27C81E3000361555 = {
						CreatedOnToolsVersion = 13.2.1;
					};
					4F127B3027C81E3100361555 = {
						CreatedOnToolsVersion = 13.2.1;
						TestTargetID = 4F127B1A27C81E3000361555;
					};
					4F127B3A27C81E3100361555 = {
						CreatedOnToolsVersion = 13.2.1;
						TestTargetID = 4F127B1A27C81E3000361555;
					};
				};
			};
			buildConfigurationList = 4F127B1627C81E3000361555 /* Build configuration list for PBXProject "Netology_IB_Instruments" */;
			compatibilityVersion = "Xcode 13.0";
			developmentRegion = en;
			hasScannedForEncodings = 0;
			knownRegions = (
				en,
				Base,
			);
			mainGroup = 4F127B1227C81E3000361555;
			productRefGroup = 4F127B1C27C81E3000361555 /* Products */;
			projectDirPath = "";
			projectRoot = "";
			targets = (
				4F127B1A27C81E3000361555 /* Netology_IB_Instruments */,
				4F127B3027C81E3100361555 /* Netology_IB_InstrumentsTests */,
				4F127B3A27C81E3100361555 /* Netology_IB_InstrumentsUITests */,
			);
		};
/* End PBXProject section */

/* Begin PBXResourcesBuildPhase section */
		4F127B1927C81E3000361555 /* Resources */ = {
			isa = PBXResourcesBuildPhase;
			buildActionMask = 2147483647;
			files = (
				4F127B4F27C81E7300361555 /* ProfileView.xib in Resources */,
				4F127B2B27C81E3100361555 /* LaunchScreen.storyboard in Resources */,
				4F127B5327C81F7C00361555 /* Profile.storyboard in Resources */,
				4F127B2827C81E3100361555 /* Assets.xcassets in Resources */,
			);
			runOnlyForDeploymentPostprocessing = 0;
		};
		4F127B2F27C81E3100361555 /* Resources */ = {
			isa = PBXResourcesBuildPhase;
			buildActionMask = 2147483647;
			files = (
			);
			runOnlyForDeploymentPostprocessing = 0;
		};
		4F127B3927C81E3100361555 /* Resources */ = {
			isa = PBXResourcesBuildPhase;
			buildActionMask = 2147483647;
			files = (
			);
			runOnlyForDeploymentPostprocessing = 0;
		};
/* End PBXResourcesBuildPhase section */

/* Begin PBXSourcesBuildPhase section */
		4F127B1727C81E3000361555 /* Sources */ = {
			isa = PBXSourcesBuildPhase;
			buildActionMask = 2147483647;
			files = (
				4F127B5127C81F0900361555 /* ProfileView.swift in Sources */,
				4F127B2327C81E3000361555 /* ViewController.swift in Sources */,
				4F127B5527C81FA200361555 /* ProfileViewController.swift in Sources */,
				4F127B1F27C81E3000361555 /* AppDelegate.swift in Sources */,
				4F127B2127C81E3000361555 /* SceneDelegate.swift in Sources */,
			);
			runOnlyForDeploymentPostprocessing = 0;
		};
		4F127B2D27C81E3100361555 /* Sources */ = {
			isa = PBXSourcesBuildPhase;
			buildActionMask = 2147483647;
			files = (
				4F127B3627C81E3100361555 /* Netology_IB_InstrumentsTests.swift in Sources */,
			);
			runOnlyForDeploymentPostprocessing = 0;
		};
		4F127B3727C81E3100361555 /* Sources */ = {
			isa = PBXSourcesBuildPhase;
			buildActionMask = 2147483647;
			files = (
				4F127B4027C81E3100361555 /* Netology_IB_InstrumentsUITests.swift in Sources */,
				4F127B4227C81E3100361555 /* Netology_IB_InstrumentsUITestsLaunchTests.swift in Sources */,
			);
			runOnlyForDeploymentPostprocessing = 0;
		};
/* End PBXSourcesBuildPhase section */

/* Begin PBXTargetDependency section */
		4F127B3327C81E3100361555 /* PBXTargetDependency */ = {
			isa = PBXTargetDependency;
			target = 4F127B1A27C81E3000361555 /* Netology_IB_Instruments */;
			targetProxy = 4F127B3227C81E3100361555 /* PBXContainerItemProxy */;
		};
		4F127B3D27C81E3100361555 /* PBXTargetDependency */ = {
			isa = PBXTargetDependency;
			target = 4F127B1A27C81E3000361555 /* Netology_IB_Instruments */;
			targetProxy = 4F127B3C27C81E3100361555 /* PBXContainerItemProxy */;
		};
/* End PBXTargetDependency section */

/* Begin PBXVariantGroup section */
		4F127B2927C81E3100361555 /* LaunchScreen.storyboard */ = {
			isa = PBXVariantGroup;
			children = (
				4F127B2A27C81E3100361555 /* Base */,
			);
			name = LaunchScreen.storyboard;
			sourceTree = "<group>";
		};
/* End PBXVariantGroup section */

/* Begin XCBuildConfiguration section */
		4F127B4327C81E3100361555 /* Debug */ = {
			isa = XCBuildConfiguration;
			buildSettings = {
				ALWAYS_SEARCH_USER_PATHS = NO;
				CLANG_ANALYZER_NONNULL = YES;
				CLANG_ANALYZER_NUMBER_OBJECT_CONVERSION = YES_AGGRESSIVE;
				CLANG_CXX_LANGUAGE_STANDARD = "gnu++17";
				CLANG_CXX_LIBRARY = "libc++";
				CLANG_ENABLE_MODULES = YES;
				CLANG_ENABLE_OBJC_ARC = YES;
				CLANG_ENABLE_OBJC_WEAK = YES;
				CLANG_WARN_BLOCK_CAPTURE_AUTORELEASING = YES;
				CLANG_WARN_BOOL_CONVERSION = YES;
				CLANG_WARN_COMMA = YES;
				CLANG_WARN_CONSTANT_CONVERSION = YES;
				CLANG_WARN_DEPRECATED_OBJC_IMPLEMENTATIONS = YES;
				CLANG_WARN_DIRECT_OBJC_ISA_USAGE = YES_ERROR;
				CLANG_WARN_DOCUMENTATION_COMMENTS = YES;
				CLANG_WARN_EMPTY_BODY = YES;
				CLANG_WARN_ENUM_CONVERSION = YES;
				CLANG_WARN_INFINITE_RECURSION = YES;
				CLANG_WARN_INT_CONVERSION = YES;
				CLANG_WARN_NON_LITERAL_NULL_CONVERSION = YES;
				CLANG_WARN_OBJC_IMPLICIT_RETAIN_SELF = YES;
				CLANG_WARN_OBJC_LITERAL_CONVERSION = YES;
				CLANG_WARN_OBJC_ROOT_CLASS = YES_ERROR;
				CLANG_WARN_QUOTED_INCLUDE_IN_FRAMEWORK_HEADER = YES;
				CLANG_WARN_RANGE_LOOP_ANALYSIS = YES;
				CLANG_WARN_STRICT_PROTOTYPES = YES;
				CLANG_WARN_SUSPICIOUS_MOVE = YES;
				CLANG_WARN_UNGUARDED_AVAILABILITY = YES_AGGRESSIVE;
				CLANG_WARN_UNREACHABLE_CODE = YES;
				CLANG_WARN__DUPLICATE_METHOD_MATCH = YES;
				COPY_PHASE_STRIP = NO;
				DEBUG_INFORMATION_FORMAT = dwarf;
				ENABLE_STRICT_OBJC_MSGSEND = YES;
				ENABLE_TESTABILITY = YES;
				GCC_C_LANGUAGE_STANDARD = gnu11;
				GCC_DYNAMIC_NO_PIC = NO;
				GCC_NO_COMMON_BLOCKS = YES;
				GCC_OPTIMIZATION_LEVEL = 0;
				GCC_PREPROCESSOR_DEFINITIONS = (
					"DEBUG=1",
					"$(inherited)",
				);
				GCC_WARN_64_TO_32_BIT_CONVERSION = YES;
				GCC_WARN_ABOUT_RETURN_TYPE = YES_ERROR;
				GCC_WARN_UNDECLARED_SELECTOR = YES;
				GCC_WARN_UNINITIALIZED_AUTOS = YES_AGGRESSIVE;
				GCC_WARN_UNUSED_FUNCTION = YES;
				GCC_WARN_UNUSED_VARIABLE = YES;
				IPHONEOS_DEPLOYMENT_TARGET = 15.2;
				MTL_ENABLE_DEBUG_INFO = INCLUDE_SOURCE;
				MTL_FAST_MATH = YES;
				ONLY_ACTIVE_ARCH = YES;
				SDKROOT = iphoneos;
				SWIFT_ACTIVE_COMPILATION_CONDITIONS = DEBUG;
				SWIFT_OPTIMIZATION_LEVEL = "-Onone";
			};
			name = Debug;
		};
		4F127B4427C81E3100361555 /* Release */ = {
			isa = XCBuildConfiguration;
			buildSettings = {
				ALWAYS_SEARCH_USER_PATHS = NO;
				CLANG_ANALYZER_NONNULL = YES;
				CLANG_ANALYZER_NUMBER_OBJECT_CONVERSION = YES_AGGRESSIVE;
				CLANG_CXX_LANGUAGE_STANDARD = "gnu++17";
				CLANG_CXX_LIBRARY = "libc++";
				CLANG_ENABLE_MODULES = YES;
				CLANG_ENABLE_OBJC_ARC = YES;
				CLANG_ENABLE_OBJC_WEAK = YES;
				CLANG_WARN_BLOCK_CAPTURE_AUTORELEASING = YES;
				CLANG_WARN_BOOL_CONVERSION = YES;
				CLANG_WARN_COMMA = YES;
				CLANG_WARN_CONSTANT_CONVERSION = YES;
				CLANG_WARN_DEPRECATED_OBJC_IMPLEMENTATIONS = YES;
				CLANG_WARN_DIRECT_OBJC_ISA_USAGE = YES_ERROR;
				CLANG_WARN_DOCUMENTATION_COMMENTS = YES;
				CLANG_WARN_EMPTY_BODY = YES;
				CLANG_WARN_ENUM_CONVERSION = YES;
				CLANG_WARN_INFINITE_RECURSION = YES;
				CLANG_WARN_INT_CONVERSION = YES;
				CLANG_WARN_NON_LITERAL_NULL_CONVERSION = YES;
				CLANG_WARN_OBJC_IMPLICIT_RETAIN_SELF = YES;
				CLANG_WARN_OBJC_LITERAL_CONVERSION = YES;
				CLANG_WARN_OBJC_ROOT_CLASS = YES_ERROR;
				CLANG_WARN_QUOTED_INCLUDE_IN_FRAMEWORK_HEADER = YES;
				CLANG_WARN_RANGE_LOOP_ANALYSIS = YES;
				CLANG_WARN_STRICT_PROTOTYPES = YES;
				CLANG_WARN_SUSPICIOUS_MOVE = YES;
				CLANG_WARN_UNGUARDED_AVAILABILITY = YES_AGGRESSIVE;
				CLANG_WARN_UNREACHABLE_CODE = YES;
				CLANG_WARN__DUPLICATE_METHOD_MATCH = YES;
				COPY_PHASE_STRIP = NO;
				DEBUG_INFORMATION_FORMAT = "dwarf-with-dsym";
				ENABLE_NS_ASSERTIONS = NO;
				ENABLE_STRICT_OBJC_MSGSEND = YES;
				GCC_C_LANGUAGE_STANDARD = gnu11;
				GCC_NO_COMMON_BLOCKS = YES;
				GCC_WARN_64_TO_32_BIT_CONVERSION = YES;
				GCC_WARN_ABOUT_RETURN_TYPE = YES_ERROR;
				GCC_WARN_UNDECLARED_SELECTOR = YES;
				GCC_WARN_UNINITIALIZED_AUTOS = YES_AGGRESSIVE;
				GCC_WARN_UNUSED_FUNCTION = YES;
				GCC_WARN_UNUSED_VARIABLE = YES;
				IPHONEOS_DEPLOYMENT_TARGET = 15.2;
				MTL_ENABLE_DEBUG_INFO = NO;
				MTL_FAST_MATH = YES;
				SDKROOT = iphoneos;
				SWIFT_COMPILATION_MODE = wholemodule;
				SWIFT_OPTIMIZATION_LEVEL = "-O";
				VALIDATE_PRODUCT = YES;
			};
			name = Release;
		};
		4F127B4627C81E3100361555 /* Debug */ = {
			isa = XCBuildConfiguration;
			buildSettings = {
				ASSETCATALOG_COMPILER_APPICON_NAME = AppIcon;
				ASSETCATALOG_COMPILER_GLOBAL_ACCENT_COLOR_NAME = AccentColor;
				CODE_SIGN_STYLE = Automatic;
				CURRENT_PROJECT_VERSION = 1;
				DEVELOPMENT_TEAM = G7RNA7226J;
				GENERATE_INFOPLIST_FILE = YES;
				INFOPLIST_FILE = Netology_IB_Instruments/Info.plist;
				INFOPLIST_KEY_UIApplicationSupportsIndirectInputEvents = YES;
				INFOPLIST_KEY_UILaunchStoryboardName = LaunchScreen;
				INFOPLIST_KEY_UIMainStoryboardFile = Profile;
				INFOPLIST_KEY_UISupportedInterfaceOrientations_iPad = "UIInterfaceOrientationPortrait UIInterfaceOrientationPortraitUpsideDown UIInterfaceOrientationLandscapeLeft UIInterfaceOrientationLandscapeRight";
				INFOPLIST_KEY_UISupportedInterfaceOrientations_iPhone = "UIInterfaceOrientationPortrait UIInterfaceOrientationLandscapeLeft UIInterfaceOrientationLandscapeRight";
				LD_RUNPATH_SEARCH_PATHS = (
					"$(inherited)",
					"@executable_path/Frameworks",
				);
				MARKETING_VERSION = 1.0;
				PRODUCT_BUNDLE_IDENTIFIER = "Kornilov.Netology-IB-Instruments";
				PRODUCT_NAME = "$(TARGET_NAME)";
				SWIFT_EMIT_LOC_STRINGS = YES;
				SWIFT_VERSION = 5.0;
				TARGETED_DEVICE_FAMILY = "1,2";
			};
			name = Debug;
		};
		4F127B4727C81E3100361555 /* Release */ = {
			isa = XCBuildConfiguration;
			buildSettings = {
				ASSETCATALOG_COMPILER_APPICON_NAME = AppIcon;
				ASSETCATALOG_COMPILER_GLOBAL_ACCENT_COLOR_NAME = AccentColor;
				CODE_SIGN_STYLE = Automatic;
				CURRENT_PROJECT_VERSION = 1;
				DEVELOPMENT_TEAM = G7RNA7226J;
				GENERATE_INFOPLIST_FILE = YES;
				INFOPLIST_FILE = Netology_IB_Instruments/Info.plist;
				INFOPLIST_KEY_UIApplicationSupportsIndirectInputEvents = YES;
				INFOPLIST_KEY_UILaunchStoryboardName = LaunchScreen;
				INFOPLIST_KEY_UIMainStoryboardFile = Profile;
				INFOPLIST_KEY_UISupportedInterfaceOrientations_iPad = "UIInterfaceOrientationPortrait UIInterfaceOrientationPortraitUpsideDown UIInterfaceOrientationLandscapeLeft UIInterfaceOrientationLandscapeRight";
				INFOPLIST_KEY_UISupportedInterfaceOrientations_iPhone = "UIInterfaceOrientationPortrait UIInterfaceOrientationLandscapeLeft UIInterfaceOrientationLandscapeRight";
				LD_RUNPATH_SEARCH_PATHS = (
					"$(inherited)",
					"@executable_path/Frameworks",
				);
				MARKETING_VERSION = 1.0;
				PRODUCT_BUNDLE_IDENTIFIER = "Kornilov.Netology-IB-Instruments";
				PRODUCT_NAME = "$(TARGET_NAME)";
				SWIFT_EMIT_LOC_STRINGS = YES;
				SWIFT_VERSION = 5.0;
				TARGETED_DEVICE_FAMILY = "1,2";
			};
			name = Release;
		};
		4F127B4927C81E3100361555 /* Debug */ = {
			isa = XCBuildConfiguration;
			buildSettings = {
				ALWAYS_EMBED_SWIFT_STANDARD_LIBRARIES = YES;
				BUNDLE_LOADER = "$(TEST_HOST)";
				CODE_SIGN_STYLE = Automatic;
				CURRENT_PROJECT_VERSION = 1;
				DEVELOPMENT_TEAM = G7RNA7226J;
				GENERATE_INFOPLIST_FILE = YES;
				IPHONEOS_DEPLOYMENT_TARGET = 15.2;
				MARKETING_VERSION = 1.0;
				PRODUCT_BUNDLE_IDENTIFIER = "Kornilov.Netology-IB-InstrumentsTests";
				PRODUCT_NAME = "$(TARGET_NAME)";
				SWIFT_EMIT_LOC_STRINGS = NO;
				SWIFT_VERSION = 5.0;
				TARGETED_DEVICE_FAMILY = "1,2";
				TEST_HOST = "$(BUILT_PRODUCTS_DIR)/Netology_IB_Instruments.app/Netology_IB_Instruments";
			};
			name = Debug;
		};
		4F127B4A27C81E3100361555 /* Release */ = {
			isa = XCBuildConfiguration;
			buildSettings = {
				ALWAYS_EMBED_SWIFT_STANDARD_LIBRARIES = YES;
				BUNDLE_LOADER = "$(TEST_HOST)";
				CODE_SIGN_STYLE = Automatic;
				CURRENT_PROJECT_VERSION = 1;
				DEVELOPMENT_TEAM = G7RNA7226J;
				GENERATE_INFOPLIST_FILE = YES;
				IPHONEOS_DEPLOYMENT_TARGET = 15.2;
				MARKETING_VERSION = 1.0;
				PRODUCT_BUNDLE_IDENTIFIER = "Kornilov.Netology-IB-InstrumentsTests";
				PRODUCT_NAME = "$(TARGET_NAME)";
				SWIFT_EMIT_LOC_STRINGS = NO;
				SWIFT_VERSION = 5.0;
				TARGETED_DEVICE_FAMILY = "1,2";
				TEST_HOST = "$(BUILT_PRODUCTS_DIR)/Netology_IB_Instruments.app/Netology_IB_Instruments";
			};
			name = Release;
		};
		4F127B4C27C81E3100361555 /* Debug */ = {
			isa = XCBuildConfiguration;
			buildSettings = {
				ALWAYS_EMBED_SWIFT_STANDARD_LIBRARIES = YES;
				CODE_SIGN_STYLE = Automatic;
				CURRENT_PROJECT_VERSION = 1;
				DEVELOPMENT_TEAM = G7RNA7226J;
				GENERATE_INFOPLIST_FILE = YES;
				MARKETING_VERSION = 1.0;
				PRODUCT_BUNDLE_IDENTIFIER = "Kornilov.Netology-IB-InstrumentsUITests";
				PRODUCT_NAME = "$(TARGET_NAME)";
				SWIFT_EMIT_LOC_STRINGS = NO;
				SWIFT_VERSION = 5.0;
				TARGETED_DEVICE_FAMILY = "1,2";
				TEST_TARGET_NAME = Netology_IB_Instruments;
			};
			name = Debug;
		};
		4F127B4D27C81E3100361555 /* Release */ = {
			isa = XCBuildConfiguration;
			buildSettings = {
				ALWAYS_EMBED_SWIFT_STANDARD_LIBRARIES = YES;
				CODE_SIGN_STYLE = Automatic;
				CURRENT_PROJECT_VERSION = 1;
				DEVELOPMENT_TEAM = G7RNA7226J;
				GENERATE_INFOPLIST_FILE = YES;
				MARKETING_VERSION = 1.0;
				PRODUCT_BUNDLE_IDENTIFIER = "Kornilov.Netology-IB-InstrumentsUITests";
				PRODUCT_NAME = "$(TARGET_NAME)";
				SWIFT_EMIT_LOC_STRINGS = NO;
				SWIFT_VERSION = 5.0;
				TARGETED_DEVICE_FAMILY = "1,2";
				TEST_TARGET_NAME = Netology_IB_Instruments;
			};
			name = Release;
		};
/* End XCBuildConfiguration section */

/* Begin XCConfigurationList section */
		4F127B1627C81E3000361555 /* Build configuration list for PBXProject "Netology_IB_Instruments" */ = {
			isa = XCConfigurationList;
			buildConfigurations = (
				4F127B4327C81E3100361555 /* Debug */,
				4F127B4427C81E3100361555 /* Release */,
			);
			defaultConfigurationIsVisible = 0;
			defaultConfigurationName = Release;
		};
		4F127B4527C81E3100361555 /* Build configuration list for PBXNativeTarget "Netology_IB_Instruments" */ = {
			isa = XCConfigurationList;
			buildConfigurations = (
				4F127B4627C81E3100361555 /* Debug */,
				4F127B4727C81E3100361555 /* Release */,
			);
			defaultConfigurationIsVisible = 0;
			defaultConfigurationName = Release;
		};
		4F127B4827C81E3100361555 /* Build configuration list for PBXNativeTarget "Netology_IB_InstrumentsTests" */ = {
			isa = XCConfigurationList;
			buildConfigurations = (
				4F127B4927C81E3100361555 /* Debug */,
				4F127B4A27C81E3100361555 /* Release */,
			);
			defaultConfigurationIsVisible = 0;
			defaultConfigurationName = Release;
		};
		4F127B4B27C81E3100361555 /* Build configuration list for PBXNativeTarget "Netology_IB_InstrumentsUITests" */ = {
			isa = XCConfigurationList;
			buildConfigurations = (
				4F127B4C27C81E3100361555 /* Debug */,
				4F127B4D27C81E3100361555 /* Release */,
			);
			defaultConfigurationIsVisible = 0;
			defaultConfigurationName = Release;
		};
/* End XCConfigurationList section */
	};
	rootObject = 4F127B1327C81E3000361555 /* Project object */;
}
